
Microsoft Visual Studio Solution File, Format Version 12.00
# Visual Studio 14
VisualStudioVersion = 14.0.25420.1
MinimumVisualStudioVersion = 10.0.40219.1
Project("{FAE04EC0-301F-11D3-BF4B-00C04F79EFBC}") = "NumbertoText", "NumbertoText\NumbertoText.csproj", "{CF28CA37-8E2D-40CF-BDDB-7CAFC812BF6E}"
EndProject
Project("{FAE04EC0-301F-11D3-BF4B-00C04F79EFBC}") = "NumbertoText.Tests", "NumbertoText.Tests\NumbertoText.Tests.csproj", "{8EC604D4-0231-47E5-9E51-9154439E4563}"
EndProject
Global
	GlobalSection(SolutionConfigurationPlatforms) = preSolution
		Debug|Any CPU = Debug|Any CPU
		Release|Any CPU = Release|Any CPU
	EndGlobalSection
	GlobalSection(ProjectConfigurationPlatforms) = postSolution
		{CF28CA37-8E2D-40CF-BDDB-7CAFC812BF6E}.Debug|Any CPU.ActiveCfg = Debug|Any CPU
		{CF28CA37-8E2D-40CF-BDDB-7CAFC812BF6E}.Debug|Any CPU.Build.0 = Debug|Any CPU
		{CF28CA37-8E2D-40CF-BDDB-7CAFC812BF6E}.Release|Any CPU.ActiveCfg = Release|Any CPU
		{CF28CA37-8E2D-40CF-BDDB-7CAFC812BF6E}.Release|Any CPU.Build.0 = Release|Any CPU
		{8EC604D4-0231-47E5-9E51-9154439E4563}.Debug|Any CPU.ActiveCfg = Debug|Any CPU
		{8EC604D4-0231-47E5-9E51-9154439E4563}.Debug|Any CPU.Build.0 = Debug|Any CPU
		{8EC604D4-0231-47E5-9E51-9154439E4563}.Release|Any CPU.ActiveCfg = Release|Any CPU
		{8EC604D4-0231-47E5-9E51-9154439E4563}.Release|Any CPU.Build.0 = Release|Any CPU
	EndGlobalSection
	GlobalSection(SolutionProperties) = preSolution
		HideSolutionNode = FALSE
	EndGlobalSection
EndGlobal
